
Microsoft Visual Studio Solution File, Format Version 12.00
# Visual Studio Version 17
VisualStudioVersion = 17.14.36623.8 d17.14
MinimumVisualStudioVersion = 10.0.40219.1
Project("{FAE04EC0-301F-11D3-BF4B-00C04F79EFBC}") = "Kalkulator_Rizkiiqbaltawakkal_XPPLG1", "Kalkulator_Rizkiiqbaltawakkal_XPPLG1\Kalkulator_Rizkiiqbaltawakkal_XPPLG1.csproj", "{DE1DEFBB-B49C-4DC6-9492-2009C964CEAA}"
EndProject
Global
	GlobalSection(SolutionConfigurationPlatforms) = preSolution
		Debug|Any CPU = Debug|Any CPU
		Release|Any CPU = Release|Any CPU
	EndGlobalSection
	GlobalSection(ProjectConfigurationPlatforms) = postSolution
		{DE1DEFBB-B49C-4DC6-9492-2009C964CEAA}.Debug|Any CPU.ActiveCfg = Debug|Any CPU
		{DE1DEFBB-B49C-4DC6-9492-2009C964CEAA}.Debug|Any CPU.Build.0 = Debug|Any CPU
		{DE1DEFBB-B49C-4DC6-9492-2009C964CEAA}.Release|Any CPU.ActiveCfg = Release|Any CPU
		{DE1DEFBB-B49C-4DC6-9492-2009C964CEAA}.Release|Any CPU.Build.0 = Release|Any CPU
	EndGlobalSection
	GlobalSection(SolutionProperties) = preSolution
		HideSolutionNode = FALSE
	EndGlobalSection
	GlobalSection(ExtensibilityGlobals) = postSolution
		SolutionGuid = {5D77092A-AC6C-4173-99E4-05B012909FF2}
	EndGlobalSection
EndGlobal
