
Microsoft Visual Studio Solution File, Format Version 12.00
# Visual Studio Version 17
VisualStudioVersion = 17.14.36511.14 d17.14
MinimumVisualStudioVersion = 10.0.40219.1
Project("{FAE04EC0-301F-11D3-BF4B-00C04F79EFBC}") = "praktik1.3_Rizkiiqbaltawakkal_XPPLG1", "praktik1.3_Rizkiiqbaltawakkal_XPPLG1\praktik1.3_Rizkiiqbaltawakkal_XPPLG1.csproj", "{2074F220-A13C-4B4A-9C56-9D4E7FECFABB}"
EndProject
Global
	GlobalSection(SolutionConfigurationPlatforms) = preSolution
		Debug|Any CPU = Debug|Any CPU
		Release|Any CPU = Release|Any CPU
	EndGlobalSection
	GlobalSection(ProjectConfigurationPlatforms) = postSolution
		{2074F220-A13C-4B4A-9C56-9D4E7FECFABB}.Debug|Any CPU.ActiveCfg = Debug|Any CPU
		{2074F220-A13C-4B4A-9C56-9D4E7FECFABB}.Debug|Any CPU.Build.0 = Debug|Any CPU
		{2074F220-A13C-4B4A-9C56-9D4E7FECFABB}.Release|Any CPU.ActiveCfg = Release|Any CPU
		{2074F220-A13C-4B4A-9C56-9D4E7FECFABB}.Release|Any CPU.Build.0 = Release|Any CPU
	EndGlobalSection
	GlobalSection(SolutionProperties) = preSolution
		HideSolutionNode = FALSE
	EndGlobalSection
	GlobalSection(ExtensibilityGlobals) = postSolution
		SolutionGuid = {CF0D4F60-7C66-417F-BE36-256CC7015CCB}
	EndGlobalSection
EndGlobal
