
Microsoft Visual Studio Solution File, Format Version 12.00
# Visual Studio Version 17
VisualStudioVersion = 17.14.36511.14 d17.14
MinimumVisualStudioVersion = 10.0.40219.1
Project("{FAE04EC0-301F-11D3-BF4B-00C04F79EFBC}") = "praktik1.2_Rizkiiqbaltawakkal_XPPLG1", "praktik1.2_Rizkiiqbaltawakkal_XPPLG1\praktik1.2_Rizkiiqbaltawakkal_XPPLG1.csproj", "{561814CA-EB57-4A8A-9FB2-194C1A797D31}"
EndProject
Global
	GlobalSection(SolutionConfigurationPlatforms) = preSolution
		Debug|Any CPU = Debug|Any CPU
		Release|Any CPU = Release|Any CPU
	EndGlobalSection
	GlobalSection(ProjectConfigurationPlatforms) = postSolution
		{561814CA-EB57-4A8A-9FB2-194C1A797D31}.Debug|Any CPU.ActiveCfg = Debug|Any CPU
		{561814CA-EB57-4A8A-9FB2-194C1A797D31}.Debug|Any CPU.Build.0 = Debug|Any CPU
		{561814CA-EB57-4A8A-9FB2-194C1A797D31}.Release|Any CPU.ActiveCfg = Release|Any CPU
		{561814CA-EB57-4A8A-9FB2-194C1A797D31}.Release|Any CPU.Build.0 = Release|Any CPU
	EndGlobalSection
	GlobalSection(SolutionProperties) = preSolution
		HideSolutionNode = FALSE
	EndGlobalSection
	GlobalSection(ExtensibilityGlobals) = postSolution
		SolutionGuid = {FA7545C1-E8A5-43D4-8AEB-25017C81D618}
	EndGlobalSection
EndGlobal
