
Microsoft Visual Studio Solution File, Format Version 12.00
# Visual Studio Version 17
VisualStudioVersion = 17.14.36511.14 d17.14
MinimumVisualStudioVersion = 10.0.40219.1
Project("{FAE04EC0-301F-11D3-BF4B-00C04F79EFBC}") = "praktik3.8_Rizkiiqbaltawakkal_XPPLG1", "praktik3.8_Rizkiiqbaltawakkal_XPPLG1\praktik3.8_Rizkiiqbaltawakkal_XPPLG1.csproj", "{61D4B0B5-BD9F-4F2E-B7E0-FB6F2DC236BA}"
EndProject
Global
	GlobalSection(SolutionConfigurationPlatforms) = preSolution
		Debug|Any CPU = Debug|Any CPU
		Release|Any CPU = Release|Any CPU
	EndGlobalSection
	GlobalSection(ProjectConfigurationPlatforms) = postSolution
		{61D4B0B5-BD9F-4F2E-B7E0-FB6F2DC236BA}.Debug|Any CPU.ActiveCfg = Debug|Any CPU
		{61D4B0B5-BD9F-4F2E-B7E0-FB6F2DC236BA}.Debug|Any CPU.Build.0 = Debug|Any CPU
		{61D4B0B5-BD9F-4F2E-B7E0-FB6F2DC236BA}.Release|Any CPU.ActiveCfg = Release|Any CPU
		{61D4B0B5-BD9F-4F2E-B7E0-FB6F2DC236BA}.Release|Any CPU.Build.0 = Release|Any CPU
	EndGlobalSection
	GlobalSection(SolutionProperties) = preSolution
		HideSolutionNode = FALSE
	EndGlobalSection
	GlobalSection(ExtensibilityGlobals) = postSolution
		SolutionGuid = {F36ED681-EB9B-4364-9D57-86074D0EE91E}
	EndGlobalSection
EndGlobal
