
Microsoft Visual Studio Solution File, Format Version 12.00
# Visual Studio Version 17
VisualStudioVersion = 17.14.36511.14 d17.14
MinimumVisualStudioVersion = 10.0.40219.1
Project("{FAE04EC0-301F-11D3-BF4B-00C04F79EFBC}") = "praktik1.5_Rizkiiqbaltawakkal_XPPLG1", "praktik1.5_Rizkiiqbaltawakkal_XPPLG1\praktik1.5_Rizkiiqbaltawakkal_XPPLG1.csproj", "{041DA6AD-6B59-48C6-A2E6-C6B74ED2E49B}"
EndProject
Global
	GlobalSection(SolutionConfigurationPlatforms) = preSolution
		Debug|Any CPU = Debug|Any CPU
		Release|Any CPU = Release|Any CPU
	EndGlobalSection
	GlobalSection(ProjectConfigurationPlatforms) = postSolution
		{041DA6AD-6B59-48C6-A2E6-C6B74ED2E49B}.Debug|Any CPU.ActiveCfg = Debug|Any CPU
		{041DA6AD-6B59-48C6-A2E6-C6B74ED2E49B}.Debug|Any CPU.Build.0 = Debug|Any CPU
		{041DA6AD-6B59-48C6-A2E6-C6B74ED2E49B}.Release|Any CPU.ActiveCfg = Release|Any CPU
		{041DA6AD-6B59-48C6-A2E6-C6B74ED2E49B}.Release|Any CPU.Build.0 = Release|Any CPU
	EndGlobalSection
	GlobalSection(SolutionProperties) = preSolution
		HideSolutionNode = FALSE
	EndGlobalSection
	GlobalSection(ExtensibilityGlobals) = postSolution
		SolutionGuid = {E64097F1-37F9-447C-BAFA-FEF326B4EC0E}
	EndGlobalSection
EndGlobal
