
Microsoft Visual Studio Solution File, Format Version 12.00
# Visual Studio Version 17
VisualStudioVersion = 17.14.36511.14 d17.14
MinimumVisualStudioVersion = 10.0.40219.1
Project("{FAE04EC0-301F-11D3-BF4B-00C04F79EFBC}") = "praktik3.3_Rizkiiqbaltawakkal_XPPLG1", "praktik3.3_Rizkiiqbaltawakkal_XPPLG1\praktik3.3_Rizkiiqbaltawakkal_XPPLG1.csproj", "{F6BCDB6E-477C-47C6-A348-C14B924AB462}"
EndProject
Global
	GlobalSection(SolutionConfigurationPlatforms) = preSolution
		Debug|Any CPU = Debug|Any CPU
		Release|Any CPU = Release|Any CPU
	EndGlobalSection
	GlobalSection(ProjectConfigurationPlatforms) = postSolution
		{F6BCDB6E-477C-47C6-A348-C14B924AB462}.Debug|Any CPU.ActiveCfg = Debug|Any CPU
		{F6BCDB6E-477C-47C6-A348-C14B924AB462}.Debug|Any CPU.Build.0 = Debug|Any CPU
		{F6BCDB6E-477C-47C6-A348-C14B924AB462}.Release|Any CPU.ActiveCfg = Release|Any CPU
		{F6BCDB6E-477C-47C6-A348-C14B924AB462}.Release|Any CPU.Build.0 = Release|Any CPU
	EndGlobalSection
	GlobalSection(SolutionProperties) = preSolution
		HideSolutionNode = FALSE
	EndGlobalSection
	GlobalSection(ExtensibilityGlobals) = postSolution
		SolutionGuid = {587A5C48-6119-4B34-87A7-B231A46B42CD}
	EndGlobalSection
EndGlobal
