
Microsoft Visual Studio Solution File, Format Version 12.00
# Visual Studio Version 17
VisualStudioVersion = 17.14.36511.14 d17.14
MinimumVisualStudioVersion = 10.0.40219.1
Project("{FAE04EC0-301F-11D3-BF4B-00C04F79EFBC}") = "praktik3.5_Rizkiiqbaltawakkal_XPPLG1", "praktik3.5_Rizkiiqbaltawakkal_XPPLG1\praktik3.5_Rizkiiqbaltawakkal_XPPLG1.csproj", "{1D8DC177-CA34-492E-88F8-50E08095393E}"
EndProject
Global
	GlobalSection(SolutionConfigurationPlatforms) = preSolution
		Debug|Any CPU = Debug|Any CPU
		Release|Any CPU = Release|Any CPU
	EndGlobalSection
	GlobalSection(ProjectConfigurationPlatforms) = postSolution
		{1D8DC177-CA34-492E-88F8-50E08095393E}.Debug|Any CPU.ActiveCfg = Debug|Any CPU
		{1D8DC177-CA34-492E-88F8-50E08095393E}.Debug|Any CPU.Build.0 = Debug|Any CPU
		{1D8DC177-CA34-492E-88F8-50E08095393E}.Release|Any CPU.ActiveCfg = Release|Any CPU
		{1D8DC177-CA34-492E-88F8-50E08095393E}.Release|Any CPU.Build.0 = Release|Any CPU
	EndGlobalSection
	GlobalSection(SolutionProperties) = preSolution
		HideSolutionNode = FALSE
	EndGlobalSection
	GlobalSection(ExtensibilityGlobals) = postSolution
		SolutionGuid = {AB662C3F-6858-4DB1-BDF2-84B1CF74414A}
	EndGlobalSection
EndGlobal
