
Microsoft Visual Studio Solution File, Format Version 12.00
# Visual Studio Version 17
VisualStudioVersion = 17.14.36511.14 d17.14
MinimumVisualStudioVersion = 10.0.40219.1
Project("{FAE04EC0-301F-11D3-BF4B-00C04F79EFBC}") = "Praktik6.2_Rizkiiqbaltawakkal_XPPLG1", "Praktik6.2_Rizkiiqbaltawakkal_XPPLG1\Praktik6.2_Rizkiiqbaltawakkal_XPPLG1.csproj", "{C0A4AC22-C1C4-4FBE-A409-4665984D5520}"
EndProject
Global
	GlobalSection(SolutionConfigurationPlatforms) = preSolution
		Debug|Any CPU = Debug|Any CPU
		Release|Any CPU = Release|Any CPU
	EndGlobalSection
	GlobalSection(ProjectConfigurationPlatforms) = postSolution
		{C0A4AC22-C1C4-4FBE-A409-4665984D5520}.Debug|Any CPU.ActiveCfg = Debug|Any CPU
		{C0A4AC22-C1C4-4FBE-A409-4665984D5520}.Debug|Any CPU.Build.0 = Debug|Any CPU
		{C0A4AC22-C1C4-4FBE-A409-4665984D5520}.Release|Any CPU.ActiveCfg = Release|Any CPU
		{C0A4AC22-C1C4-4FBE-A409-4665984D5520}.Release|Any CPU.Build.0 = Release|Any CPU
	EndGlobalSection
	GlobalSection(SolutionProperties) = preSolution
		HideSolutionNode = FALSE
	EndGlobalSection
	GlobalSection(ExtensibilityGlobals) = postSolution
		SolutionGuid = {89B43735-16F3-4D46-8770-F470B72969D9}
	EndGlobalSection
EndGlobal
