
Microsoft Visual Studio Solution File, Format Version 12.00
# Visual Studio Version 17
VisualStudioVersion = 17.14.36511.14 d17.14
MinimumVisualStudioVersion = 10.0.40219.1
Project("{FAE04EC0-301F-11D3-BF4B-00C04F79EFBC}") = "Praktik6.1_rizkiiqbaltawakkal_XPPLG1", "Praktik6.1_rizkiiqbaltawakkal_XPPLG1\Praktik6.1_rizkiiqbaltawakkal_XPPLG1.csproj", "{3510F324-0B7D-48DE-9A11-B687EDA3E29E}"
EndProject
Global
	GlobalSection(SolutionConfigurationPlatforms) = preSolution
		Debug|Any CPU = Debug|Any CPU
		Release|Any CPU = Release|Any CPU
	EndGlobalSection
	GlobalSection(ProjectConfigurationPlatforms) = postSolution
		{3510F324-0B7D-48DE-9A11-B687EDA3E29E}.Debug|Any CPU.ActiveCfg = Debug|Any CPU
		{3510F324-0B7D-48DE-9A11-B687EDA3E29E}.Debug|Any CPU.Build.0 = Debug|Any CPU
		{3510F324-0B7D-48DE-9A11-B687EDA3E29E}.Release|Any CPU.ActiveCfg = Release|Any CPU
		{3510F324-0B7D-48DE-9A11-B687EDA3E29E}.Release|Any CPU.Build.0 = Release|Any CPU
	EndGlobalSection
	GlobalSection(SolutionProperties) = preSolution
		HideSolutionNode = FALSE
	EndGlobalSection
	GlobalSection(ExtensibilityGlobals) = postSolution
		SolutionGuid = {67CA403F-96A1-4F01-833C-1DDBFB208C7D}
	EndGlobalSection
EndGlobal
