
Microsoft Visual Studio Solution File, Format Version 12.00
# Visual Studio Version 17
VisualStudioVersion = 17.14.36623.8 d17.14
MinimumVisualStudioVersion = 10.0.40219.1
Project("{FAE04EC0-301F-11D3-BF4B-00C04F79EFBC}") = "praktik7.1_Rizkiiqbaltawakkal_XPPLG1", "praktik7.1_Rizkiiqbaltawakkal_XPPLG1\praktik7.1_Rizkiiqbaltawakkal_XPPLG1.csproj", "{1E9DDF23-BC52-4C20-81C2-B00B92D08CEA}"
EndProject
Global
	GlobalSection(SolutionConfigurationPlatforms) = preSolution
		Debug|Any CPU = Debug|Any CPU
		Release|Any CPU = Release|Any CPU
	EndGlobalSection
	GlobalSection(ProjectConfigurationPlatforms) = postSolution
		{1E9DDF23-BC52-4C20-81C2-B00B92D08CEA}.Debug|Any CPU.ActiveCfg = Debug|Any CPU
		{1E9DDF23-BC52-4C20-81C2-B00B92D08CEA}.Debug|Any CPU.Build.0 = Debug|Any CPU
		{1E9DDF23-BC52-4C20-81C2-B00B92D08CEA}.Release|Any CPU.ActiveCfg = Release|Any CPU
		{1E9DDF23-BC52-4C20-81C2-B00B92D08CEA}.Release|Any CPU.Build.0 = Release|Any CPU
	EndGlobalSection
	GlobalSection(SolutionProperties) = preSolution
		HideSolutionNode = FALSE
	EndGlobalSection
	GlobalSection(ExtensibilityGlobals) = postSolution
		SolutionGuid = {C29B4E43-1A6C-4008-BCB9-68503FF7078E}
	EndGlobalSection
EndGlobal
