
Microsoft Visual Studio Solution File, Format Version 12.00
# Visual Studio Version 17
VisualStudioVersion = 17.14.36623.8 d17.14
MinimumVisualStudioVersion = 10.0.40219.1
Project("{FAE04EC0-301F-11D3-BF4B-00C04F79EFBC}") = "Proyekakhir1_RizkiIqbalTawakkal_XPPLG1", "Proyekakhir1_RizkiIqbalTawakkal_XPPLG1\Proyekakhir1_RizkiIqbalTawakkal_XPPLG1.csproj", "{96ABD275-D8A7-4515-9DC8-C7E9E2468189}"
EndProject
Global
	GlobalSection(SolutionConfigurationPlatforms) = preSolution
		Debug|Any CPU = Debug|Any CPU
		Release|Any CPU = Release|Any CPU
	EndGlobalSection
	GlobalSection(ProjectConfigurationPlatforms) = postSolution
		{96ABD275-D8A7-4515-9DC8-C7E9E2468189}.Debug|Any CPU.ActiveCfg = Debug|Any CPU
		{96ABD275-D8A7-4515-9DC8-C7E9E2468189}.Debug|Any CPU.Build.0 = Debug|Any CPU
		{96ABD275-D8A7-4515-9DC8-C7E9E2468189}.Release|Any CPU.ActiveCfg = Release|Any CPU
		{96ABD275-D8A7-4515-9DC8-C7E9E2468189}.Release|Any CPU.Build.0 = Release|Any CPU
	EndGlobalSection
	GlobalSection(SolutionProperties) = preSolution
		HideSolutionNode = FALSE
	EndGlobalSection
	GlobalSection(ExtensibilityGlobals) = postSolution
		SolutionGuid = {32E7E5AC-C84B-4957-A7C9-22B593BE49B4}
	EndGlobalSection
EndGlobal
