
Microsoft Visual Studio Solution File, Format Version 12.00
# Visual Studio Version 17
VisualStudioVersion = 17.14.36623.8 d17.14
MinimumVisualStudioVersion = 10.0.40219.1
Project("{FAE04EC0-301F-11D3-BF4B-00C04F79EFBC}") = "Tugas6.1_RIzkiiqbaltawakkal_XPPLG1", "Tugas6.1_RIzkiiqbaltawakkal_XPPLG1\Tugas6.1_RIzkiiqbaltawakkal_XPPLG1.csproj", "{A976FF82-0925-4AAD-90D2-7773F94219B3}"
EndProject
Global
	GlobalSection(SolutionConfigurationPlatforms) = preSolution
		Debug|Any CPU = Debug|Any CPU
		Release|Any CPU = Release|Any CPU
	EndGlobalSection
	GlobalSection(ProjectConfigurationPlatforms) = postSolution
		{A976FF82-0925-4AAD-90D2-7773F94219B3}.Debug|Any CPU.ActiveCfg = Debug|Any CPU
		{A976FF82-0925-4AAD-90D2-7773F94219B3}.Debug|Any CPU.Build.0 = Debug|Any CPU
		{A976FF82-0925-4AAD-90D2-7773F94219B3}.Release|Any CPU.ActiveCfg = Release|Any CPU
		{A976FF82-0925-4AAD-90D2-7773F94219B3}.Release|Any CPU.Build.0 = Release|Any CPU
	EndGlobalSection
	GlobalSection(SolutionProperties) = preSolution
		HideSolutionNode = FALSE
	EndGlobalSection
	GlobalSection(ExtensibilityGlobals) = postSolution
		SolutionGuid = {FFD078BD-371F-4073-9E5C-3F2BB29BDE87}
	EndGlobalSection
EndGlobal
